
Microsoft Visual Studio Solution File, Format Version 12.00
# Visual Studio Version 18
VisualStudioVersion = 18.3.11222.16
MinimumVisualStudioVersion = 10.0.40219.1
Project("{2150E333-8FDC-42A3-9474-1A3956D46DE8}") = "Src", "Src", "{74CA7E3C-32C1-46DE-8F0C-DDD263815006}"
EndProject
Project("{2150E333-8FDC-42A3-9474-1A3956D46DE8}") = "Tests", "Tests", "{A2519C6C-9B49-4C91-A0B9-2666F02F742C}"
EndProject
Project("{FAE04EC0-301F-11D3-BF4B-00C04F79EFBC}") = "QuadStore.Core", "src\QuadStore.Core\QuadStore.Core.csproj", "{8FB13030-FB31-CB29-1017-FFFC62032C50}"
EndProject
Project("{FAE04EC0-301F-11D3-BF4B-00C04F79EFBC}") = "QuadStore.Tests", "test\QuadStore.Tests\QuadStore.Tests.csproj", "{6AA5A7AC-86DA-77AA-1C84-4AD27D98F656}"
EndProject
Project("{2150E333-8FDC-42A3-9474-1A3956D46DE8}") = "samples", "samples", "{0D5DAF19-2EF9-43C9-8B23-8D77E1DADF29}"
EndProject
Project("{FAE04EC0-301F-11D3-BF4B-00C04F79EFBC}") = "LoadTrigFileIntoStore", "samples\LoadTrigFileIntoStore\LoadTrigFileIntoStore.csproj", "{7C89BE5B-6A9E-4E3E-EBB0-913EC6CDBC90}"
EndProject
Project("{FAE04EC0-301F-11D3-BF4B-00C04F79EFBC}") = "QuadStore.SparqlServer", "src\QuadStore.SparqlServer\QuadStore.SparqlServer.csproj", "{B3A7D9E1-4F2C-4A8B-9C6D-5E1F0A2B3C4D}"
EndProject
Global
	GlobalSection(SolutionConfigurationPlatforms) = preSolution
		Debug|Any CPU = Debug|Any CPU
		Release|Any CPU = Release|Any CPU
	EndGlobalSection
	GlobalSection(ProjectConfigurationPlatforms) = postSolution
		{8FB13030-FB31-CB29-1017-FFFC62032C50}.Debug|Any CPU.ActiveCfg = Debug|Any CPU
		{8FB13030-FB31-CB29-1017-FFFC62032C50}.Debug|Any CPU.Build.0 = Debug|Any CPU
		{8FB13030-FB31-CB29-1017-FFFC62032C50}.Release|Any CPU.ActiveCfg = Release|Any CPU
		{8FB13030-FB31-CB29-1017-FFFC62032C50}.Release|Any CPU.Build.0 = Release|Any CPU
		{6AA5A7AC-86DA-77AA-1C84-4AD27D98F656}.Debug|Any CPU.ActiveCfg = Debug|Any CPU
		{6AA5A7AC-86DA-77AA-1C84-4AD27D98F656}.Debug|Any CPU.Build.0 = Debug|Any CPU
		{6AA5A7AC-86DA-77AA-1C84-4AD27D98F656}.Release|Any CPU.ActiveCfg = Release|Any CPU
		{6AA5A7AC-86DA-77AA-1C84-4AD27D98F656}.Release|Any CPU.Build.0 = Release|Any CPU
		{7C89BE5B-6A9E-4E3E-EBB0-913EC6CDBC90}.Debug|Any CPU.ActiveCfg = Debug|Any CPU
		{7C89BE5B-6A9E-4E3E-EBB0-913EC6CDBC90}.Debug|Any CPU.Build.0 = Debug|Any CPU
		{7C89BE5B-6A9E-4E3E-EBB0-913EC6CDBC90}.Release|Any CPU.ActiveCfg = Release|Any CPU
		{7C89BE5B-6A9E-4E3E-EBB0-913EC6CDBC90}.Release|Any CPU.Build.0 = Release|Any CPU
		{B3A7D9E1-4F2C-4A8B-9C6D-5E1F0A2B3C4D}.Debug|Any CPU.ActiveCfg = Debug|Any CPU
		{B3A7D9E1-4F2C-4A8B-9C6D-5E1F0A2B3C4D}.Debug|Any CPU.Build.0 = Debug|Any CPU
		{B3A7D9E1-4F2C-4A8B-9C6D-5E1F0A2B3C4D}.Release|Any CPU.ActiveCfg = Release|Any CPU
		{B3A7D9E1-4F2C-4A8B-9C6D-5E1F0A2B3C4D}.Release|Any CPU.Build.0 = Release|Any CPU
	EndGlobalSection
	GlobalSection(SolutionProperties) = preSolution
		HideSolutionNode = FALSE
	EndGlobalSection
	GlobalSection(NestedProjects) = preSolution
		{8FB13030-FB31-CB29-1017-FFFC62032C50} = {74CA7E3C-32C1-46DE-8F0C-DDD263815006}
		{6AA5A7AC-86DA-77AA-1C84-4AD27D98F656} = {A2519C6C-9B49-4C91-A0B9-2666F02F742C}
		{7C89BE5B-6A9E-4E3E-EBB0-913EC6CDBC90} = {0D5DAF19-2EF9-43C9-8B23-8D77E1DADF29}
		{B3A7D9E1-4F2C-4A8B-9C6D-5E1F0A2B3C4D} = {74CA7E3C-32C1-46DE-8F0C-DDD263815006}
	EndGlobalSection
	GlobalSection(ExtensibilityGlobals) = postSolution
		SolutionGuid = {1437EF56-6074-4158-A149-08A9E05708BE}
		FileExplorer = 
	EndGlobalSection
EndGlobal
